// !$*UTF8*$!
{
	archiveVersion = 1;
	classes = {
	};
	objectVersion = 50;
	objects = {

/* Begin PBXBuildFile section */
		FE5BE637228BA66D00599FA3 /* AppDelegate.swift in Sources */ = {isa = PBXBuildFile; fileRef = FE5BE636228BA66D00599FA3 /* AppDelegate.swift */; };
		FE5BE639228BA66D00599FA3 /* ViewController.swift in Sources */ = {isa = PBXBuildFile; fileRef = FE5BE638228BA66D00599FA3 /* ViewController.swift */; };
		FE5BE63C228BA66D00599FA3 /* Main.storyboard in Resources */ = {isa = PBXBuildFile; fileRef = FE5BE63A228BA66D00599FA3 /* Main.storyboard */; };
		FE5BE63F228BA66D00599FA3 /* secondGitProject.xcdatamodeld in Sources */ = {isa = PBXBuildFile; fileRef = FE5BE63D228BA66D00599FA3 /* secondGitProject.xcdatamodeld */; };
		FE5BE641228BA66E00599FA3 /* Assets.xcassets in Resources */ = {isa = PBXBuildFile; fileRef = FE5BE640228BA66E00599FA3 /* Assets.xcassets */; };
		FE5BE644228BA66E00599FA3 /* LaunchScreen.storyboard in Resources */ = {isa = PBXBuildFile; fileRef = FE5BE642228BA66E00599FA3 /* LaunchScreen.storyboard */; };
/* End PBXBuildFile section */

/* Begin PBXFileReference section */
		FE5BE633228BA66D00599FA3 /* secondGitProject.app */ = {isa = PBXFileReference; explicitFileType = wrapper.application; includeInIndex = 0; path = secondGitProject.app; sourceTree = BUILT_PRODUCTS_DIR; };
		FE5BE636228BA66D00599FA3 /* AppDelegate.swift */ = {isa = PBXFileReference; lastKnownFileType = sourcecode.swift; path = AppDelegate.swift; sourceTree = "<group>"; };
		FE5BE638228BA66D00599FA3 /* ViewController.swift */ = {isa = PBXFileReference; lastKnownFileType = sourcecode.swift; path = ViewController.swift; sourceTree = "<group>"; };
		FE5BE63B228BA66D00599FA3 /* Base */ = {isa = PBXFileReference; lastKnownFileType = file.storyboard; name = Base; path = Base.lproj/Main.storyboard; sourceTree = "<group>"; };
		FE5BE63E228BA66D00599FA3 /* secondGitProject.xcdatamodel */ = {isa = PBXFileReference; lastKnownFileType = wrapper.xcdatamodel; path = secondGitProject.xcdatamodel; sourceTree = "<group>"; };
		FE5BE640228BA66E00599FA3 /* Assets.xcassets */ = {isa = PBXFileReference; lastKnownFileType = folder.assetcatalog; path = Assets.xcassets; sourceTree = "<group>"; };
		FE5BE643228BA66E00599FA3 /* Base */ = {isa = PBXFileReference; lastKnownFileType = file.storyboard; name = Base; path = Base.lproj/LaunchScreen.storyboard; sourceTree = "<group>"; };
		FE5BE645228BA66E00599FA3 /* Info.plist */ = {isa = PBXFileReference; lastKnownFileType = text.plist.xml; path = Info.plist; sourceTree = "<group>"; };
/* End PBXFileReference section */

/* Begin PBXFrameworksBuildPhase section */
		FE5BE630228BA66D00599FA3 /* Frameworks */ = {
			isa = PBXFrameworksBuildPhase;
			buildActionMask = 2147483647;
			files = (
			);
			runOnlyForDeploymentPostprocessing = 0;
		};
/* End PBXFrameworksBuildPhase section */

/* Begin PBXGroup section */
		FE5BE62A228BA66D00599FA3 = {
			isa = PBXGroup;
			children = (
				FE5BE635228BA66D00599FA3 /* secondGitProject */,
				FE5BE634228BA66D00599FA3 /* Products */,
			);
			sourceTree = "<group>";
		};
		FE5BE634228BA66D00599FA3 /* Products */ = {
			isa = PBXGroup;
			children = (
				FE5BE633228BA66D00599FA3 /* secondGitProject.app */,
			);
			name = Products;
			sourceTree = "<group>";
		};
		FE5BE635228BA66D00599FA3 /* secondGitProject */ = {
			isa = PBXGroup;
			children = (
				FE5BE636228BA66D00599FA3 /* AppDelegate.swift */,
				FE5BE638228BA66D00599FA3 /* ViewController.swift */,
				FE5BE63A228BA66D00599FA3 /* Main.storyboard */,
				FE5BE640228BA66E00599FA3 /* Assets.xcassets */,
				FE5BE642228BA66E00599FA3 /* LaunchScreen.storyboard */,
				FE5BE645228BA66E00599FA3 /* Info.plist */,
				FE5BE63D228BA66D00599FA3 /* secondGitProject.xcdatamodeld */,
			);
			path = secondGitProject;
			sourceTree = "<group>";
		};
/* End PBXGroup section */

/* Begin PBXNativeTarget section */
		FE5BE632228BA66D00599FA3 /* secondGitProject */ = {
			isa = PBXNativeTarget;
			buildConfigurationList = FE5BE648228BA66E00599FA3 /* Build configuration list for PBXNativeTarget "secondGitProject" */;
			buildPhases = (
				FE5BE62F228BA66D00599FA3 /* Sources */,
				FE5BE630228BA66D00599FA3 /* Frameworks */,
				FE5BE631228BA66D00599FA3 /* Resources */,
			);
			buildRules = (
			);
			dependencies = (
			);
			name = secondGitProject;
			productName = secondGitProject;
			productReference = FE5BE633228BA66D00599FA3 /* secondGitProject.app */;
			productType = "com.apple.product-type.application";
		};
/* End PBXNativeTarget section */

/* Begin PBXProject section */
		FE5BE62B228BA66D00599FA3 /* Project object */ = {
			isa = PBXProject;
			attributes = {
				LastSwiftUpdateCheck = 1020;
				LastUpgradeCheck = 1020;
				ORGANIZATIONNAME = "Ardi Muhammad Husen";
				TargetAttributes = {
					FE5BE632228BA66D00599FA3 = {
						CreatedOnToolsVersion = 10.2.1;
					};
				};
			};
			buildConfigurationList = FE5BE62E228BA66D00599FA3 /* Build configuration list for PBXProject "secondGitProject" */;
			compatibilityVersion = "Xcode 9.3";
			developmentRegion = en;
			hasScannedForEncodings = 0;
			knownRegions = (
				en,
				Base,
			);
			mainGroup = FE5BE62A228BA66D00599FA3;
			productRefGroup = FE5BE634228BA66D00599FA3 /* Products */;
			projectDirPath = "";
			projectRoot = "";
			targets = (
				FE5BE632228BA66D00599FA3 /* secondGitProject */,
			);
		};
/* End PBXProject section */

/* Begin PBXResourcesBuildPhase section */
		FE5BE631228BA66D00599FA3 /* Resources */ = {
			isa = PBXResourcesBuildPhase;
			buildActionMask = 2147483647;
			files = (
				FE5BE644228BA66E00599FA3 /* LaunchScreen.storyboard in Resources */,
				FE5BE641228BA66E00599FA3 /* Assets.xcassets in Resources */,
				FE5BE63C228BA66D00599FA3 /* Main.storyboard in Resources */,
			);
			runOnlyForDeploymentPostprocessing = 0;
		};
/* End PBXResourcesBuildPhase section */

/* Begin PBXSourcesBuildPhase section */
		FE5BE62F228BA66D00599FA3 /* Sources */ = {
			isa = PBXSourcesBuildPhase;
			buildActionMask = 2147483647;
			files = (
				FE5BE63F228BA66D00599FA3 /* secondGitProject.xcdatamodeld in Sources */,
				FE5BE639228BA66D00599FA3 /* ViewController.swift in Sources */,
				FE5BE637228BA66D00599FA3 /* AppDelegate.swift in Sources */,
			);
			runOnlyForDeploymentPostprocessing = 0;
		};
/* End PBXSourcesBuildPhase section */

/* Begin PBXVariantGroup section */
		FE5BE63A228BA66D00599FA3 /* Main.storyboard */ = {
			isa = PBXVariantGroup;
			children = (
				FE5BE63B228BA66D00599FA3 /* Base */,
			);
			name = Main.storyboard;
			sourceTree = "<group>";
		};
		FE5BE642228BA66E00599FA3 /* LaunchScreen.storyboard */ = {
			isa = PBXVariantGroup;
			children = (
				FE5BE643228BA66E00599FA3 /* Base */,
			);
			name = LaunchScreen.storyboard;
			sourceTree = "<group>";
		};
/* End PBXVariantGroup section */

/* Begin XCBuildConfiguration section */
		FE5BE646228BA66E00599FA3 /* Debug */ = {
			isa = XCBuildConfiguration;
			buildSettings = {
				ALWAYS_SEARCH_USER_PATHS = NO;
				CLANG_ANALYZER_NONNULL = YES;
				CLANG_ANALYZER_NUMBER_OBJECT_CONVERSION = YES_AGGRESSIVE;
				CLANG_CXX_LANGUAGE_STANDARD = "gnu++14";
				CLANG_CXX_LIBRARY = "libc++";
				CLANG_ENABLE_MODULES = YES;
				CLANG_ENABLE_OBJC_ARC = YES;
				CLANG_ENABLE_OBJC_WEAK = YES;
				CLANG_WARN_BLOCK_CAPTURE_AUTORELEASING = YES;
				CLANG_WARN_BOOL_CONVERSION = YES;
				CLANG_WARN_COMMA = YES;
				CLANG_WARN_CONSTANT_CONVERSION = YES;
				CLANG_WARN_DEPRECATED_OBJC_IMPLEMENTATIONS = YES;
				CLANG_WARN_DIRECT_OBJC_ISA_USAGE = YES_ERROR;
				CLANG_WARN_DOCUMENTATION_COMMENTS = YES;
				CLANG_WARN_EMPTY_BODY = YES;
				CLANG_WARN_ENUM_CONVERSION = YES;
				CLANG_WARN_INFINITE_RECURSION = YES;
				CLANG_WARN_INT_CONVERSION = YES;
				CLANG_WARN_NON_LITERAL_NULL_CONVERSION = YES;
				CLANG_WARN_OBJC_IMPLICIT_RETAIN_SELF = YES;
				CLANG_WARN_OBJC_LITERAL_CONVERSION = YES;
				CLANG_WARN_OBJC_ROOT_CLASS = YES_ERROR;
				CLANG_WARN_RANGE_LOOP_ANALYSIS = YES;
				CLANG_WARN_STRICT_PROTOTYPES = YES;
				CLANG_WARN_SUSPICIOUS_MOVE = YES;
				CLANG_WARN_UNGUARDED_AVAILABILITY = YES_AGGRESSIVE;
				CLANG_WARN_UNREACHABLE_CODE = YES;
				CLANG_WARN__DUPLICATE_METHOD_MATCH = YES;
				CODE_SIGN_IDENTITY = "iPhone Developer";
				COPY_PHASE_STRIP = NO;
				DEBUG_INFORMATION_FORMAT = dwarf;
				ENABLE_STRICT_OBJC_MSGSEND = YES;
				ENABLE_TESTABILITY = YES;
				GCC_C_LANGUAGE_STANDARD = gnu11;
				GCC_DYNAMIC_NO_PIC = NO;
				GCC_NO_COMMON_BLOCKS = YES;
				GCC_OPTIMIZATION_LEVEL = 0;
				GCC_PREPROCESSOR_DEFINITIONS = (
					"DEBUG=1",
					"$(inherited)",
				);
				GCC_WARN_64_TO_32_BIT_CONVERSION = YES;
				GCC_WARN_ABOUT_RETURN_TYPE = YES_ERROR;
				GCC_WARN_UNDECLARED_SELECTOR = YES;
				GCC_WARN_UNINITIALIZED_AUTOS = YES_AGGRESSIVE;
				GCC_WARN_UNUSED_FUNCTION = YES;
				GCC_WARN_UNUSED_VARIABLE = YES;
				IPHONEOS_DEPLOYMENT_TARGET = 12.2;
				MTL_ENABLE_DEBUG_INFO = INCLUDE_SOURCE;
				MTL_FAST_MATH = YES;
				ONLY_ACTIVE_ARCH = YES;
				SDKROOT = iphoneos;
				SWIFT_ACTIVE_COMPILATION_CONDITIONS = DEBUG;
				SWIFT_OPTIMIZATION_LEVEL = "-Onone";
			};
			name = Debug;
		};
		FE5BE647228BA66E00599FA3 /* Release */ = {
			isa = XCBuildConfiguration;
			buildSettings = {
				ALWAYS_SEARCH_USER_PATHS = NO;
				CLANG_ANALYZER_NONNULL = YES;
				CLANG_ANALYZER_NUMBER_OBJECT_CONVERSION = YES_AGGRESSIVE;
				CLANG_CXX_LANGUAGE_STANDARD = "gnu++14";
				CLANG_CXX_LIBRARY = "libc++";
				CLANG_ENABLE_MODULES = YES;
				CLANG_ENABLE_OBJC_ARC = YES;
				CLANG_ENABLE_OBJC_WEAK = YES;
				CLANG_WARN_BLOCK_CAPTURE_AUTORELEASING = YES;
				CLANG_WARN_BOOL_CONVERSION = YES;
				CLANG_WARN_COMMA = YES;
				CLANG_WARN_CONSTANT_CONVERSION = YES;
				CLANG_WARN_DEPRECATED_OBJC_IMPLEMENTATIONS = YES;
				CLANG_WARN_DIRECT_OBJC_ISA_USAGE = YES_ERROR;
				CLANG_WARN_DOCUMENTATION_COMMENTS = YES;
				CLANG_WARN_EMPTY_BODY = YES;
				CLANG_WARN_ENUM_CONVERSION = YES;
				CLANG_WARN_INFINITE_RECURSION = YES;
				CLANG_WARN_INT_CONVERSION = YES;
				CLANG_WARN_NON_LITERAL_NULL_CONVERSION = YES;
				CLANG_WARN_OBJC_IMPLICIT_RETAIN_SELF = YES;
				CLANG_WARN_OBJC_LITERAL_CONVERSION = YES;
				CLANG_WARN_OBJC_ROOT_CLASS = YES_ERROR;
				CLANG_WARN_RANGE_LOOP_ANALYSIS = YES;
				CLANG_WARN_STRICT_PROTOTYPES = YES;
				CLANG_WARN_SUSPICIOUS_MOVE = YES;
				CLANG_WARN_UNGUARDED_AVAILABILITY = YES_AGGRESSIVE;
				CLANG_WARN_UNREACHABLE_CODE = YES;
				CLANG_WARN__DUPLICATE_METHOD_MATCH = YES;
				CODE_SIGN_IDENTITY = "iPhone Developer";
				COPY_PHASE_STRIP = NO;
				DEBUG_INFORMATION_FORMAT = "dwarf-with-dsym";
				ENABLE_NS_ASSERTIONS = NO;
				ENABLE_STRICT_OBJC_MSGSEND = YES;
				GCC_C_LANGUAGE_STANDARD = gnu11;
				GCC_NO_COMMON_BLOCKS = YES;
				GCC_WARN_64_TO_32_BIT_CONVERSION = YES;
				GCC_WARN_ABOUT_RETURN_TYPE = YES_ERROR;
				GCC_WARN_UNDECLARED_SELECTOR = YES;
				GCC_WARN_UNINITIALIZED_AUTOS = YES_AGGRESSIVE;
				GCC_WARN_UNUSED_FUNCTION = YES;
				GCC_WARN_UNUSED_VARIABLE = YES;
				IPHONEOS_DEPLOYMENT_TARGET = 12.2;
				MTL_ENABLE_DEBUG_INFO = NO;
				MTL_FAST_MATH = YES;
				SDKROOT = iphoneos;
				SWIFT_COMPILATION_MODE = wholemodule;
				SWIFT_OPTIMIZATION_LEVEL = "-O";
				VALIDATE_PRODUCT = YES;
			};
			name = Release;
		};
		FE5BE649228BA66E00599FA3 /* Debug */ = {
			isa = XCBuildConfiguration;
			buildSettings = {
				ASSETCATALOG_COMPILER_APPICON_NAME = AppIcon;
				CODE_SIGN_STYLE = Automatic;
				DEVELOPMENT_TEAM = 427Y4H8F6K;
				INFOPLIST_FILE = secondGitProject/Info.plist;
				LD_RUNPATH_SEARCH_PATHS = (
					"$(inherited)",
					"@executable_path/Frameworks",
				);
				PRODUCT_BUNDLE_IDENTIFIER = com.ardi.secondGitProject;
				PRODUCT_NAME = "$(TARGET_NAME)";
				SWIFT_VERSION = 5.0;
				TARGETED_DEVICE_FAMILY = "1,2";
			};
			name = Debug;
		};
		FE5BE64A228BA66E00599FA3 /* Release */ = {
			isa = XCBuildConfiguration;
			buildSettings = {
				ASSETCATALOG_COMPILER_APPICON_NAME = AppIcon;
				CODE_SIGN_STYLE = Automatic;
				DEVELOPMENT_TEAM = 427Y4H8F6K;
				INFOPLIST_FILE = secondGitProject/Info.plist;
				LD_RUNPATH_SEARCH_PATHS = (
					"$(inherited)",
					"@executable_path/Frameworks",
				);
				PRODUCT_BUNDLE_IDENTIFIER = com.ardi.secondGitProject;
				PRODUCT_NAME = "$(TARGET_NAME)";
				SWIFT_VERSION = 5.0;
				TARGETED_DEVICE_FAMILY = "1,2";
			};
			name = Release;
		};
/* End XCBuildConfiguration section */

/* Begin XCConfigurationList section */
		FE5BE62E228BA66D00599FA3 /* Build configuration list for PBXProject "secondGitProject" */ = {
			isa = XCConfigurationList;
			buildConfigurations = (
				FE5BE646228BA66E00599FA3 /* Debug */,
				FE5BE647228BA66E00599FA3 /* Release */,
			);
			defaultConfigurationIsVisible = 0;
			defaultConfigurationName = Release;
		};
		FE5BE648228BA66E00599FA3 /* Build configuration list for PBXNativeTarget "secondGitProject" */ = {
			isa = XCConfigurationList;
			buildConfigurations = (
				FE5BE649228BA66E00599FA3 /* Debug */,
				FE5BE64A228BA66E00599FA3 /* Release */,
			);
			defaultConfigurationIsVisible = 0;
			defaultConfigurationName = Release;
		};
/* End XCConfigurationList section */

/* Begin XCVersionGroup section */
		FE5BE63D228BA66D00599FA3 /* secondGitProject.xcdatamodeld */ = {
			isa = XCVersionGroup;
			children = (
				FE5BE63E228BA66D00599FA3 /* secondGitProject.xcdatamodel */,
			);
			currentVersion = FE5BE63E228BA66D00599FA3 /* secondGitProject.xcdatamodel */;
			path = secondGitProject.xcdatamodeld;
			sourceTree = "<group>";
			versionGroupType = wrapper.xcdatamodel;
		};
/* End XCVersionGroup section */
	};
	rootObject = FE5BE62B228BA66D00599FA3 /* Project object */;
}
